// !$*UTF8*$!
{
	archiveVersion = 1;
	classes = {
	};
	objectVersion = 55;
	objects = {

/* Begin PBXBuildFile section */
		A351B8C0272391E0008311D8 /* SignUpViewController.swift in Sources */ = {isa = PBXBuildFile; fileRef = A351B8BF272391E0008311D8 /* SignUpViewController.swift */; };
		A351B8C227239391008311D8 /* LoginViewController.swift in Sources */ = {isa = PBXBuildFile; fileRef = A351B8C127239391008311D8 /* LoginViewController.swift */; };
		A351B8C4272396DA008311D8 /* BaseUITextField.swift in Sources */ = {isa = PBXBuildFile; fileRef = A351B8C3272396DA008311D8 /* BaseUITextField.swift */; };
		A351B8C727239A3D008311D8 /* Utils.swift in Sources */ = {isa = PBXBuildFile; fileRef = A351B8C627239A3D008311D8 /* Utils.swift */; };
		A351B8C927239D85008311D8 /* FriendsViewController.swift in Sources */ = {isa = PBXBuildFile; fileRef = A351B8C827239D85008311D8 /* FriendsViewController.swift */; };
		A351B8CB27239E0D008311D8 /* FriendCell.swift in Sources */ = {isa = PBXBuildFile; fileRef = A351B8CA27239E0D008311D8 /* FriendCell.swift */; };
		A353C58C273B411A00AF3156 /* ImageViewerViewController.swift in Sources */ = {isa = PBXBuildFile; fileRef = A353C58B273B411A00AF3156 /* ImageViewerViewController.swift */; };
		A353C58E273B442A00AF3156 /* BaseUIScrollView.swift in Sources */ = {isa = PBXBuildFile; fileRef = A353C58D273B442A00AF3156 /* BaseUIScrollView.swift */; };
		A353C590273B446E00AF3156 /* ScrollableView.swift in Sources */ = {isa = PBXBuildFile; fileRef = A353C58F273B446E00AF3156 /* ScrollableView.swift */; };
		A353C592273B44DA00AF3156 /* VScrollableView.swift in Sources */ = {isa = PBXBuildFile; fileRef = A353C591273B44DA00AF3156 /* VScrollableView.swift */; };
		A353C594273B450900AF3156 /* PlaceDetailView.swift in Sources */ = {isa = PBXBuildFile; fileRef = A353C593273B450900AF3156 /* PlaceDetailView.swift */; };
		A37FFA4127321BAD00C24C8C /* LocalDataManager.swift in Sources */ = {isa = PBXBuildFile; fileRef = A37FFA4027321BAD00C24C8C /* LocalDataManager.swift */; };
		A3B979E6272B8025003997A3 /* TabBarViewController.swift in Sources */ = {isa = PBXBuildFile; fileRef = A3B979E5272B8025003997A3 /* TabBarViewController.swift */; };
		A3B979E9272B81A8003997A3 /* AppRouter.swift in Sources */ = {isa = PBXBuildFile; fileRef = A3B979E8272B81A8003997A3 /* AppRouter.swift */; };
		A3C1F44D272240ED00C627B9 /* AppDelegate.swift in Sources */ = {isa = PBXBuildFile; fileRef = A3C1F44C272240ED00C627B9 /* AppDelegate.swift */; };
		A3C1F44F272240ED00C627B9 /* SceneDelegate.swift in Sources */ = {isa = PBXBuildFile; fileRef = A3C1F44E272240ED00C627B9 /* SceneDelegate.swift */; };
		A3C1F456272240F000C627B9 /* Assets.xcassets in Resources */ = {isa = PBXBuildFile; fileRef = A3C1F455272240F000C627B9 /* Assets.xcassets */; };
		A3C1F459272240F000C627B9 /* LaunchScreen.storyboard in Resources */ = {isa = PBXBuildFile; fileRef = A3C1F457272240F000C627B9 /* LaunchScreen.storyboard */; };
		A3C1F461272241A300C627B9 /* WelcomeViewController.swift in Sources */ = {isa = PBXBuildFile; fileRef = A3C1F460272241A300C627B9 /* WelcomeViewController.swift */; };
		A3C1F4642722461800C627B9 /* BaseUIImageView.swift in Sources */ = {isa = PBXBuildFile; fileRef = A3C1F4632722461800C627B9 /* BaseUIImageView.swift */; };
		A3C1F466272247ED00C627B9 /* BaseUILabel.swift in Sources */ = {isa = PBXBuildFile; fileRef = A3C1F465272247ED00C627B9 /* BaseUILabel.swift */; };
		A3C1F46827224CDE00C627B9 /* BaseUIStackView.swift in Sources */ = {isa = PBXBuildFile; fileRef = A3C1F46727224CDE00C627B9 /* BaseUIStackView.swift */; };
		A3C1F46A27224E0400C627B9 /* HStack.swift in Sources */ = {isa = PBXBuildFile; fileRef = A3C1F46927224E0400C627B9 /* HStack.swift */; };
		A3C1F46C27224E1100C627B9 /* VStack.swift in Sources */ = {isa = PBXBuildFile; fileRef = A3C1F46B27224E1100C627B9 /* VStack.swift */; };
		A3C1F46E27224E9300C627B9 /* BaseUIButton.swift in Sources */ = {isa = PBXBuildFile; fileRef = A3C1F46D27224E9300C627B9 /* BaseUIButton.swift */; };
		A3CB7D9F27278A4F00666247 /* ProfileViewController.swift in Sources */ = {isa = PBXBuildFile; fileRef = A3CB7D9E27278A4F00666247 /* ProfileViewController.swift */; };
		A3CB7DA2272790D300666247 /* User.swift in Sources */ = {isa = PBXBuildFile; fileRef = A3CB7DA1272790D300666247 /* User.swift */; };
		A3CB7DA42727913100666247 /* DataProvider.swift in Sources */ = {isa = PBXBuildFile; fileRef = A3CB7DA32727913100666247 /* DataProvider.swift */; };
		A3D03375273A141D00AD84D2 /* Place.swift in Sources */ = {isa = PBXBuildFile; fileRef = A3D03374273A141D00AD84D2 /* Place.swift */; };
		A3D03377273A173300AD84D2 /* PlaceCell.swift in Sources */ = {isa = PBXBuildFile; fileRef = A3D03376273A173300AD84D2 /* PlaceCell.swift */; };
		A3D60AD62730C46B00957A85 /* HomeViewController.swift in Sources */ = {isa = PBXBuildFile; fileRef = A3D60AD52730C46B00957A85 /* HomeViewController.swift */; };
		A3D60AD92730C98300957A85 /* ProfileItemView.swift in Sources */ = {isa = PBXBuildFile; fileRef = A3D60AD82730C98300957A85 /* ProfileItemView.swift */; };
		A3D60ADB2730CE1E00957A85 /* BaseUIView.swift in Sources */ = {isa = PBXBuildFile; fileRef = A3D60ADA2730CE1E00957A85 /* BaseUIView.swift */; };
		A3D60ADD2730CE8A00957A85 /* EmptyView.swift in Sources */ = {isa = PBXBuildFile; fileRef = A3D60ADC2730CE8A00957A85 /* EmptyView.swift */; };
/* End PBXBuildFile section */

/* Begin PBXFileReference section */
		A351B8BF272391E0008311D8 /* SignUpViewController.swift */ = {isa = PBXFileReference; lastKnownFileType = sourcecode.swift; path = SignUpViewController.swift; sourceTree = "<group>"; };
		A351B8C127239391008311D8 /* LoginViewController.swift */ = {isa = PBXFileReference; lastKnownFileType = sourcecode.swift; path = LoginViewController.swift; sourceTree = "<group>"; };
		A351B8C3272396DA008311D8 /* BaseUITextField.swift */ = {isa = PBXFileReference; lastKnownFileType = sourcecode.swift; path = BaseUITextField.swift; sourceTree = "<group>"; };
		A351B8C627239A3D008311D8 /* Utils.swift */ = {isa = PBXFileReference; lastKnownFileType = sourcecode.swift; path = Utils.swift; sourceTree = "<group>"; };
		A351B8C827239D85008311D8 /* FriendsViewController.swift */ = {isa = PBXFileReference; lastKnownFileType = sourcecode.swift; path = FriendsViewController.swift; sourceTree = "<group>"; };
		A351B8CA27239E0D008311D8 /* FriendCell.swift */ = {isa = PBXFileReference; lastKnownFileType = sourcecode.swift; path = FriendCell.swift; sourceTree = "<group>"; };
		A353C58B273B411A00AF3156 /* ImageViewerViewController.swift */ = {isa = PBXFileReference; lastKnownFileType = sourcecode.swift; path = ImageViewerViewController.swift; sourceTree = "<group>"; };
		A353C58D273B442A00AF3156 /* BaseUIScrollView.swift */ = {isa = PBXFileReference; lastKnownFileType = sourcecode.swift; path = BaseUIScrollView.swift; sourceTree = "<group>"; };
		A353C58F273B446E00AF3156 /* ScrollableView.swift */ = {isa = PBXFileReference; lastKnownFileType = sourcecode.swift; path = ScrollableView.swift; sourceTree = "<group>"; };
		A353C591273B44DA00AF3156 /* VScrollableView.swift */ = {isa = PBXFileReference; lastKnownFileType = sourcecode.swift; path = VScrollableView.swift; sourceTree = "<group>"; };
		A353C593273B450900AF3156 /* PlaceDetailView.swift */ = {isa = PBXFileReference; lastKnownFileType = sourcecode.swift; path = PlaceDetailView.swift; sourceTree = "<group>"; };
		A37FFA4027321BAD00C24C8C /* LocalDataManager.swift */ = {isa = PBXFileReference; lastKnownFileType = sourcecode.swift; path = LocalDataManager.swift; sourceTree = "<group>"; };
		A3B979E5272B8025003997A3 /* TabBarViewController.swift */ = {isa = PBXFileReference; lastKnownFileType = sourcecode.swift; path = TabBarViewController.swift; sourceTree = "<group>"; };
		A3B979E8272B81A8003997A3 /* AppRouter.swift */ = {isa = PBXFileReference; lastKnownFileType = sourcecode.swift; path = AppRouter.swift; sourceTree = "<group>"; };
		A3C1F449272240ED00C627B9 /* TravelApp.app */ = {isa = PBXFileReference; explicitFileType = wrapper.application; includeInIndex = 0; path = TravelApp.app; sourceTree = BUILT_PRODUCTS_DIR; };
		A3C1F44C272240ED00C627B9 /* AppDelegate.swift */ = {isa = PBXFileReference; lastKnownFileType = sourcecode.swift; path = AppDelegate.swift; sourceTree = "<group>"; };
		A3C1F44E272240ED00C627B9 /* SceneDelegate.swift */ = {isa = PBXFileReference; lastKnownFileType = sourcecode.swift; path = SceneDelegate.swift; sourceTree = "<group>"; };
		A3C1F455272240F000C627B9 /* Assets.xcassets */ = {isa = PBXFileReference; lastKnownFileType = folder.assetcatalog; path = Assets.xcassets; sourceTree = "<group>"; };
		A3C1F458272240F000C627B9 /* Base */ = {isa = PBXFileReference; lastKnownFileType = file.storyboard; name = Base; path = Base.lproj/LaunchScreen.storyboard; sourceTree = "<group>"; };
		A3C1F45A272240F000C627B9 /* Info.plist */ = {isa = PBXFileReference; lastKnownFileType = text.plist.xml; path = Info.plist; sourceTree = "<group>"; };
		A3C1F460272241A300C627B9 /* WelcomeViewController.swift */ = {isa = PBXFileReference; lastKnownFileType = sourcecode.swift; path = WelcomeViewController.swift; sourceTree = "<group>"; };
		A3C1F4632722461800C627B9 /* BaseUIImageView.swift */ = {isa = PBXFileReference; lastKnownFileType = sourcecode.swift; path = BaseUIImageView.swift; sourceTree = "<group>"; };
		A3C1F465272247ED00C627B9 /* BaseUILabel.swift */ = {isa = PBXFileReference; lastKnownFileType = sourcecode.swift; path = BaseUILabel.swift; sourceTree = "<group>"; };
		A3C1F46727224CDE00C627B9 /* BaseUIStackView.swift */ = {isa = PBXFileReference; lastKnownFileType = sourcecode.swift; path = BaseUIStackView.swift; sourceTree = "<group>"; };
		A3C1F46927224E0400C627B9 /* HStack.swift */ = {isa = PBXFileReference; lastKnownFileType = sourcecode.swift; path = HStack.swift; sourceTree = "<group>"; };
		A3C1F46B27224E1100C627B9 /* VStack.swift */ = {isa = PBXFileReference; lastKnownFileType = sourcecode.swift; path = VStack.swift; sourceTree = "<group>"; };
		A3C1F46D27224E9300C627B9 /* BaseUIButton.swift */ = {isa = PBXFileReference; lastKnownFileType = sourcecode.swift; path = BaseUIButton.swift; sourceTree = "<group>"; };
		A3CB7D9E27278A4F00666247 /* ProfileViewController.swift */ = {isa = PBXFileReference; lastKnownFileType = sourcecode.swift; path = ProfileViewController.swift; sourceTree = "<group>"; };
		A3CB7DA1272790D300666247 /* User.swift */ = {isa = PBXFileReference; lastKnownFileType = sourcecode.swift; path = User.swift; sourceTree = "<group>"; };
		A3CB7DA32727913100666247 /* DataProvider.swift */ = {isa = PBXFileReference; lastKnownFileType = sourcecode.swift; path = DataProvider.swift; sourceTree = "<group>"; };
		A3D03374273A141D00AD84D2 /* Place.swift */ = {isa = PBXFileReference; lastKnownFileType = sourcecode.swift; path = Place.swift; sourceTree = "<group>"; };
		A3D03376273A173300AD84D2 /* PlaceCell.swift */ = {isa = PBXFileReference; lastKnownFileType = sourcecode.swift; path = PlaceCell.swift; sourceTree = "<group>"; };
		A3D60AD52730C46B00957A85 /* HomeViewController.swift */ = {isa = PBXFileReference; lastKnownFileType = sourcecode.swift; path = HomeViewController.swift; sourceTree = "<group>"; };
		A3D60AD82730C98300957A85 /* ProfileItemView.swift */ = {isa = PBXFileReference; lastKnownFileType = sourcecode.swift; path = ProfileItemView.swift; sourceTree = "<group>"; };
		A3D60ADA2730CE1E00957A85 /* BaseUIView.swift */ = {isa = PBXFileReference; lastKnownFileType = sourcecode.swift; path = BaseUIView.swift; sourceTree = "<group>"; };
		A3D60ADC2730CE8A00957A85 /* EmptyView.swift */ = {isa = PBXFileReference; lastKnownFileType = sourcecode.swift; path = EmptyView.swift; sourceTree = "<group>"; };
/* End PBXFileReference section */

/* Begin PBXFrameworksBuildPhase section */
		A3C1F446272240ED00C627B9 /* Frameworks */ = {
			isa = PBXFrameworksBuildPhase;
			buildActionMask = 2147483647;
			files = (
			);
			runOnlyForDeploymentPostprocessing = 0;
		};
/* End PBXFrameworksBuildPhase section */

/* Begin PBXGroup section */
		A314C4962728DDC700AB81CA /* Cell */ = {
			isa = PBXGroup;
			children = (
				A351B8CA27239E0D008311D8 /* FriendCell.swift */,
				A3D03376273A173300AD84D2 /* PlaceCell.swift */,
			);
			path = Cell;
			sourceTree = "<group>";
		};
		A351B8BE272391BA008311D8 /* ViewControllers */ = {
			isa = PBXGroup;
			children = (
				A3C1F460272241A300C627B9 /* WelcomeViewController.swift */,
				A351B8BF272391E0008311D8 /* SignUpViewController.swift */,
				A351B8C127239391008311D8 /* LoginViewController.swift */,
				A351B8C827239D85008311D8 /* FriendsViewController.swift */,
				A3CB7D9E27278A4F00666247 /* ProfileViewController.swift */,
				A3B979E5272B8025003997A3 /* TabBarViewController.swift */,
				A3D60AD52730C46B00957A85 /* HomeViewController.swift */,
				A353C58B273B411A00AF3156 /* ImageViewerViewController.swift */,
				A353C593273B450900AF3156 /* PlaceDetailView.swift */,
			);
			path = ViewControllers;
			sourceTree = "<group>";
		};
		A351B8C527239A30008311D8 /* Utils */ = {
			isa = PBXGroup;
			children = (
				A351B8C627239A3D008311D8 /* Utils.swift */,
				A37FFA4027321BAD00C24C8C /* LocalDataManager.swift */,
			);
			path = Utils;
			sourceTree = "<group>";
		};
		A3B979E7272B8194003997A3 /* Router */ = {
			isa = PBXGroup;
			children = (
				A3B979E8272B81A8003997A3 /* AppRouter.swift */,
			);
			path = Router;
			sourceTree = "<group>";
		};
		A3C1F440272240ED00C627B9 = {
			isa = PBXGroup;
			children = (
				A3C1F44B272240ED00C627B9 /* TravelApp */,
				A3C1F44A272240ED00C627B9 /* Products */,
			);
			sourceTree = "<group>";
		};
		A3C1F44A272240ED00C627B9 /* Products */ = {
			isa = PBXGroup;
			children = (
				A3C1F449272240ED00C627B9 /* TravelApp.app */,
			);
			name = Products;
			sourceTree = "<group>";
		};
		A3C1F44B272240ED00C627B9 /* TravelApp */ = {
			isa = PBXGroup;
			children = (
				A3D60AD72730C97400957A85 /* View */,
				A3B979E7272B8194003997A3 /* Router */,
				A314C4962728DDC700AB81CA /* Cell */,
				A3CB7DA0272790B800666247 /* Data */,
				A351B8C527239A30008311D8 /* Utils */,
				A351B8BE272391BA008311D8 /* ViewControllers */,
				A3C1F4622722460500C627B9 /* Components */,
				A3C1F44C272240ED00C627B9 /* AppDelegate.swift */,
				A3C1F44E272240ED00C627B9 /* SceneDelegate.swift */,
				A3C1F455272240F000C627B9 /* Assets.xcassets */,
				A3C1F457272240F000C627B9 /* LaunchScreen.storyboard */,
				A3C1F45A272240F000C627B9 /* Info.plist */,
			);
			path = TravelApp;
			sourceTree = "<group>";
		};
		A3C1F4622722460500C627B9 /* Components */ = {
			isa = PBXGroup;
			children = (
				A3C1F4632722461800C627B9 /* BaseUIImageView.swift */,
				A3C1F465272247ED00C627B9 /* BaseUILabel.swift */,
				A3C1F46727224CDE00C627B9 /* BaseUIStackView.swift */,
				A3C1F46927224E0400C627B9 /* HStack.swift */,
				A3C1F46B27224E1100C627B9 /* VStack.swift */,
				A3C1F46D27224E9300C627B9 /* BaseUIButton.swift */,
				A351B8C3272396DA008311D8 /* BaseUITextField.swift */,
				A3D60ADA2730CE1E00957A85 /* BaseUIView.swift */,
				A3D60ADC2730CE8A00957A85 /* EmptyView.swift */,
				A353C58D273B442A00AF3156 /* BaseUIScrollView.swift */,
				A353C58F273B446E00AF3156 /* ScrollableView.swift */,
				A353C591273B44DA00AF3156 /* VScrollableView.swift */,
			);
			path = Components;
			sourceTree = "<group>";
		};
		A3CB7DA0272790B800666247 /* Data */ = {
			isa = PBXGroup;
			children = (
				A3CB7DA1272790D300666247 /* User.swift */,
				A3CB7DA32727913100666247 /* DataProvider.swift */,
				A3D03374273A141D00AD84D2 /* Place.swift */,
			);
			path = Data;
			sourceTree = "<group>";
		};
		A3D60AD72730C97400957A85 /* View */ = {
			isa = PBXGroup;
			children = (
				A3D60AD82730C98300957A85 /* ProfileItemView.swift */,
			);
			path = View;
			sourceTree = "<group>";
		};
/* End PBXGroup section */

/* Begin PBXNativeTarget section */
		A3C1F448272240ED00C627B9 /* TravelApp */ = {
			isa = PBXNativeTarget;
			buildConfigurationList = A3C1F45D272240F000C627B9 /* Build configuration list for PBXNativeTarget "TravelApp" */;
			buildPhases = (
				A3C1F445272240ED00C627B9 /* Sources */,
				A3C1F446272240ED00C627B9 /* Frameworks */,
				A3C1F447272240ED00C627B9 /* Resources */,
			);
			buildRules = (
			);
			dependencies = (
			);
			name = TravelApp;
			productName = TravelApp;
			productReference = A3C1F449272240ED00C627B9 /* TravelApp.app */;
			productType = "com.apple.product-type.application";
		};
/* End PBXNativeTarget section */

/* Begin PBXProject section */
		A3C1F441272240ED00C627B9 /* Project object */ = {
			isa = PBXProject;
			attributes = {
				BuildIndependentTargetsInParallel = 1;
				LastSwiftUpdateCheck = 1300;
				LastUpgradeCheck = 1300;
				TargetAttributes = {
					A3C1F448272240ED00C627B9 = {
						CreatedOnToolsVersion = 13.0;
					};
				};
			};
			buildConfigurationList = A3C1F444272240ED00C627B9 /* Build configuration list for PBXProject "TravelApp" */;
			compatibilityVersion = "Xcode 13.0";
			developmentRegion = en;
			hasScannedForEncodings = 0;
			knownRegions = (
				en,
				Base,
			);
			mainGroup = A3C1F440272240ED00C627B9;
			productRefGroup = A3C1F44A272240ED00C627B9 /* Products */;
			projectDirPath = "";
			projectRoot = "";
			targets = (
				A3C1F448272240ED00C627B9 /* TravelApp */,
			);
		};
/* End PBXProject section */

/* Begin PBXResourcesBuildPhase section */
		A3C1F447272240ED00C627B9 /* Resources */ = {
			isa = PBXResourcesBuildPhase;
			buildActionMask = 2147483647;
			files = (
				A3C1F459272240F000C627B9 /* LaunchScreen.storyboard in Resources */,
				A3C1F456272240F000C627B9 /* Assets.xcassets in Resources */,
			);
			runOnlyForDeploymentPostprocessing = 0;
		};
/* End PBXResourcesBuildPhase section */

/* Begin PBXSourcesBuildPhase section */
		A3C1F445272240ED00C627B9 /* Sources */ = {
			isa = PBXSourcesBuildPhase;
			buildActionMask = 2147483647;
			files = (
				A3C1F461272241A300C627B9 /* WelcomeViewController.swift in Sources */,
				A3D03375273A141D00AD84D2 /* Place.swift in Sources */,
				A353C58C273B411A00AF3156 /* ImageViewerViewController.swift in Sources */,
				A353C594273B450900AF3156 /* PlaceDetailView.swift in Sources */,
				A3C1F44D272240ED00C627B9 /* AppDelegate.swift in Sources */,
				A3C1F44F272240ED00C627B9 /* SceneDelegate.swift in Sources */,
				A37FFA4127321BAD00C24C8C /* LocalDataManager.swift in Sources */,
				A3C1F46C27224E1100C627B9 /* VStack.swift in Sources */,
				A3D60ADD2730CE8A00957A85 /* EmptyView.swift in Sources */,
				A351B8CB27239E0D008311D8 /* FriendCell.swift in Sources */,
				A3D60AD62730C46B00957A85 /* HomeViewController.swift in Sources */,
				A351B8C927239D85008311D8 /* FriendsViewController.swift in Sources */,
				A3CB7DA42727913100666247 /* DataProvider.swift in Sources */,
				A353C58E273B442A00AF3156 /* BaseUIScrollView.swift in Sources */,
				A3CB7D9F27278A4F00666247 /* ProfileViewController.swift in Sources */,
				A3B979E9272B81A8003997A3 /* AppRouter.swift in Sources */,
				A3CB7DA2272790D300666247 /* User.swift in Sources */,
				A351B8C0272391E0008311D8 /* SignUpViewController.swift in Sources */,
				A351B8C727239A3D008311D8 /* Utils.swift in Sources */,
				A3C1F46A27224E0400C627B9 /* HStack.swift in Sources */,
				A353C592273B44DA00AF3156 /* VScrollableView.swift in Sources */,
				A3D60ADB2730CE1E00957A85 /* BaseUIView.swift in Sources */,
				A351B8C4272396DA008311D8 /* BaseUITextField.swift in Sources */,
				A3B979E6272B8025003997A3 /* TabBarViewController.swift in Sources */,
				A3C1F466272247ED00C627B9 /* BaseUILabel.swift in Sources */,
				A3D60AD92730C98300957A85 /* ProfileItemView.swift in Sources */,
				A3C1F46827224CDE00C627B9 /* BaseUIStackView.swift in Sources */,
				A353C590273B446E00AF3156 /* ScrollableView.swift in Sources */,
				A3C1F4642722461800C627B9 /* BaseUIImageView.swift in Sources */,
				A3C1F46E27224E9300C627B9 /* BaseUIButton.swift in Sources */,
				A351B8C227239391008311D8 /* LoginViewController.swift in Sources */,
				A3D03377273A173300AD84D2 /* PlaceCell.swift in Sources */,
			);
			runOnlyForDeploymentPostprocessing = 0;
		};
/* End PBXSourcesBuildPhase section */

/* Begin PBXVariantGroup section */
		A3C1F457272240F000C627B9 /* LaunchScreen.storyboard */ = {
			isa = PBXVariantGroup;
			children = (
				A3C1F458272240F000C627B9 /* Base */,
			);
			name = LaunchScreen.storyboard;
			sourceTree = "<group>";
		};
/* End PBXVariantGroup section */

/* Begin XCBuildConfiguration section */
		A3C1F45B272240F000C627B9 /* Debug */ = {
			isa = XCBuildConfiguration;
			buildSettings = {
				ALWAYS_SEARCH_USER_PATHS = NO;
				CLANG_ANALYZER_NONNULL = YES;
				CLANG_ANALYZER_NUMBER_OBJECT_CONVERSION = YES_AGGRESSIVE;
				CLANG_CXX_LANGUAGE_STANDARD = "gnu++17";
				CLANG_CXX_LIBRARY = "libc++";
				CLANG_ENABLE_MODULES = YES;
				CLANG_ENABLE_OBJC_ARC = YES;
				CLANG_ENABLE_OBJC_WEAK = YES;
				CLANG_WARN_BLOCK_CAPTURE_AUTORELEASING = YES;
				CLANG_WARN_BOOL_CONVERSION = YES;
				CLANG_WARN_COMMA = YES;
				CLANG_WARN_CONSTANT_CONVERSION = YES;
				CLANG_WARN_DEPRECATED_OBJC_IMPLEMENTATIONS = YES;
				CLANG_WARN_DIRECT_OBJC_ISA_USAGE = YES_ERROR;
				CLANG_WARN_DOCUMENTATION_COMMENTS = YES;
				CLANG_WARN_EMPTY_BODY = YES;
				CLANG_WARN_ENUM_CONVERSION = YES;
				CLANG_WARN_INFINITE_RECURSION = YES;
				CLANG_WARN_INT_CONVERSION = YES;
				CLANG_WARN_NON_LITERAL_NULL_CONVERSION = YES;
				CLANG_WARN_OBJC_IMPLICIT_RETAIN_SELF = YES;
				CLANG_WARN_OBJC_LITERAL_CONVERSION = YES;
				CLANG_WARN_OBJC_ROOT_CLASS = YES_ERROR;
				CLANG_WARN_QUOTED_INCLUDE_IN_FRAMEWORK_HEADER = YES;
				CLANG_WARN_RANGE_LOOP_ANALYSIS = YES;
				CLANG_WARN_STRICT_PROTOTYPES = YES;
				CLANG_WARN_SUSPICIOUS_MOVE = YES;
				CLANG_WARN_UNGUARDED_AVAILABILITY = YES_AGGRESSIVE;
				CLANG_WARN_UNREACHABLE_CODE = YES;
				CLANG_WARN__DUPLICATE_METHOD_MATCH = YES;
				COPY_PHASE_STRIP = NO;
				DEBUG_INFORMATION_FORMAT = dwarf;
				ENABLE_STRICT_OBJC_MSGSEND = YES;
				ENABLE_TESTABILITY = YES;
				GCC_C_LANGUAGE_STANDARD = gnu11;
				GCC_DYNAMIC_NO_PIC = NO;
				GCC_NO_COMMON_BLOCKS = YES;
				GCC_OPTIMIZATION_LEVEL = 0;
				GCC_PREPROCESSOR_DEFINITIONS = (
					"DEBUG=1",
					"$(inherited)",
				);
				GCC_WARN_64_TO_32_BIT_CONVERSION = YES;
				GCC_WARN_ABOUT_RETURN_TYPE = YES_ERROR;
				GCC_WARN_UNDECLARED_SELECTOR = YES;
				GCC_WARN_UNINITIALIZED_AUTOS = YES_AGGRESSIVE;
				GCC_WARN_UNUSED_FUNCTION = YES;
				GCC_WARN_UNUSED_VARIABLE = YES;
				IPHONEOS_DEPLOYMENT_TARGET = 15.0;
				MTL_ENABLE_DEBUG_INFO = INCLUDE_SOURCE;
				MTL_FAST_MATH = YES;
				ONLY_ACTIVE_ARCH = YES;
				SDKROOT = iphoneos;
				SWIFT_ACTIVE_COMPILATION_CONDITIONS = DEBUG;
				SWIFT_OPTIMIZATION_LEVEL = "-Onone";
			};
			name = Debug;
		};
		A3C1F45C272240F000C627B9 /* Release */ = {
			isa = XCBuildConfiguration;
			buildSettings = {
				ALWAYS_SEARCH_USER_PATHS = NO;
				CLANG_ANALYZER_NONNULL = YES;
				CLANG_ANALYZER_NUMBER_OBJECT_CONVERSION = YES_AGGRESSIVE;
				CLANG_CXX_LANGUAGE_STANDARD = "gnu++17";
				CLANG_CXX_LIBRARY = "libc++";
				CLANG_ENABLE_MODULES = YES;
				CLANG_ENABLE_OBJC_ARC = YES;
				CLANG_ENABLE_OBJC_WEAK = YES;
				CLANG_WARN_BLOCK_CAPTURE_AUTORELEASING = YES;
				CLANG_WARN_BOOL_CONVERSION = YES;
				CLANG_WARN_COMMA = YES;
				CLANG_WARN_CONSTANT_CONVERSION = YES;
				CLANG_WARN_DEPRECATED_OBJC_IMPLEMENTATIONS = YES;
				CLANG_WARN_DIRECT_OBJC_ISA_USAGE = YES_ERROR;
				CLANG_WARN_DOCUMENTATION_COMMENTS = YES;
				CLANG_WARN_EMPTY_BODY = YES;
				CLANG_WARN_ENUM_CONVERSION = YES;
				CLANG_WARN_INFINITE_RECURSION = YES;
				CLANG_WARN_INT_CONVERSION = YES;
				CLANG_WARN_NON_LITERAL_NULL_CONVERSION = YES;
				CLANG_WARN_OBJC_IMPLICIT_RETAIN_SELF = YES;
				CLANG_WARN_OBJC_LITERAL_CONVERSION = YES;
				CLANG_WARN_OBJC_ROOT_CLASS = YES_ERROR;
				CLANG_WARN_QUOTED_INCLUDE_IN_FRAMEWORK_HEADER = YES;
				CLANG_WARN_RANGE_LOOP_ANALYSIS = YES;
				CLANG_WARN_STRICT_PROTOTYPES = YES;
				CLANG_WARN_SUSPICIOUS_MOVE = YES;
				CLANG_WARN_UNGUARDED_AVAILABILITY = YES_AGGRESSIVE;
				CLANG_WARN_UNREACHABLE_CODE = YES;
				CLANG_WARN__DUPLICATE_METHOD_MATCH = YES;
				COPY_PHASE_STRIP = NO;
				DEBUG_INFORMATION_FORMAT = "dwarf-with-dsym";
				ENABLE_NS_ASSERTIONS = NO;
				ENABLE_STRICT_OBJC_MSGSEND = YES;
				GCC_C_LANGUAGE_STANDARD = gnu11;
				GCC_NO_COMMON_BLOCKS = YES;
				GCC_WARN_64_TO_32_BIT_CONVERSION = YES;
				GCC_WARN_ABOUT_RETURN_TYPE = YES_ERROR;
				GCC_WARN_UNDECLARED_SELECTOR = YES;
				GCC_WARN_UNINITIALIZED_AUTOS = YES_AGGRESSIVE;
				GCC_WARN_UNUSED_FUNCTION = YES;
				GCC_WARN_UNUSED_VARIABLE = YES;
				IPHONEOS_DEPLOYMENT_TARGET = 15.0;
				MTL_ENABLE_DEBUG_INFO = NO;
				MTL_FAST_MATH = YES;
				SDKROOT = iphoneos;
				SWIFT_COMPILATION_MODE = wholemodule;
				SWIFT_OPTIMIZATION_LEVEL = "-O";
				VALIDATE_PRODUCT = YES;
			};
			name = Release;
		};
		A3C1F45E272240F000C627B9 /* Debug */ = {
			isa = XCBuildConfiguration;
			buildSettings = {
				ASSETCATALOG_COMPILER_APPICON_NAME = AppIcon;
				ASSETCATALOG_COMPILER_GLOBAL_ACCENT_COLOR_NAME = AccentColor;
				CODE_SIGN_STYLE = Automatic;
				CURRENT_PROJECT_VERSION = 1;
				DEVELOPMENT_TEAM = CFA7TXHVWR;
				GENERATE_INFOPLIST_FILE = YES;
				INFOPLIST_FILE = TravelApp/Info.plist;
				INFOPLIST_KEY_UIApplicationSupportsIndirectInputEvents = YES;
				INFOPLIST_KEY_UILaunchStoryboardName = LaunchScreen;
				INFOPLIST_KEY_UISupportedInterfaceOrientations_iPad = "UIInterfaceOrientationPortrait UIInterfaceOrientationPortraitUpsideDown UIInterfaceOrientationLandscapeLeft UIInterfaceOrientationLandscapeRight";
				INFOPLIST_KEY_UISupportedInterfaceOrientations_iPhone = "UIInterfaceOrientationPortrait UIInterfaceOrientationLandscapeLeft UIInterfaceOrientationLandscapeRight";
				LD_RUNPATH_SEARCH_PATHS = (
					"$(inherited)",
					"@executable_path/Frameworks",
				);
				MARKETING_VERSION = 1.0;
				PRODUCT_BUNDLE_IDENTIFIER = MyCompany.TravelApp;
				PRODUCT_NAME = "$(TARGET_NAME)";
				SWIFT_EMIT_LOC_STRINGS = YES;
				SWIFT_VERSION = 5.0;
				TARGETED_DEVICE_FAMILY = "1,2";
			};
			name = Debug;
		};
		A3C1F45F272240F000C627B9 /* Release */ = {
			isa = XCBuildConfiguration;
			buildSettings = {
				ASSETCATALOG_COMPILER_APPICON_NAME = AppIcon;
				ASSETCATALOG_COMPILER_GLOBAL_ACCENT_COLOR_NAME = AccentColor;
				CODE_SIGN_STYLE = Automatic;
				CURRENT_PROJECT_VERSION = 1;
				DEVELOPMENT_TEAM = CFA7TXHVWR;
				GENERATE_INFOPLIST_FILE = YES;
				INFOPLIST_FILE = TravelApp/Info.plist;
				INFOPLIST_KEY_UIApplicationSupportsIndirectInputEvents = YES;
				INFOPLIST_KEY_UILaunchStoryboardName = LaunchScreen;
				INFOPLIST_KEY_UISupportedInterfaceOrientations_iPad = "UIInterfaceOrientationPortrait UIInterfaceOrientationPortraitUpsideDown UIInterfaceOrientationLandscapeLeft UIInterfaceOrientationLandscapeRight";
				INFOPLIST_KEY_UISupportedInterfaceOrientations_iPhone = "UIInterfaceOrientationPortrait UIInterfaceOrientationLandscapeLeft UIInterfaceOrientationLandscapeRight";
				LD_RUNPATH_SEARCH_PATHS = (
					"$(inherited)",
					"@executable_path/Frameworks",
				);
				MARKETING_VERSION = 1.0;
				PRODUCT_BUNDLE_IDENTIFIER = MyCompany.TravelApp;
				PRODUCT_NAME = "$(TARGET_NAME)";
				SWIFT_EMIT_LOC_STRINGS = YES;
				SWIFT_VERSION = 5.0;
				TARGETED_DEVICE_FAMILY = "1,2";
			};
			name = Release;
		};
/* End XCBuildConfiguration section */

/* Begin XCConfigurationList section */
		A3C1F444272240ED00C627B9 /* Build configuration list for PBXProject "TravelApp" */ = {
			isa = XCConfigurationList;
			buildConfigurations = (
				A3C1F45B272240F000C627B9 /* Debug */,
				A3C1F45C272240F000C627B9 /* Release */,
			);
			defaultConfigurationIsVisible = 0;
			defaultConfigurationName = Release;
		};
		A3C1F45D272240F000C627B9 /* Build configuration list for PBXNativeTarget "TravelApp" */ = {
			isa = XCConfigurationList;
			buildConfigurations = (
				A3C1F45E272240F000C627B9 /* Debug */,
				A3C1F45F272240F000C627B9 /* Release */,
			);
			defaultConfigurationIsVisible = 0;
			defaultConfigurationName = Release;
		};
/* End XCConfigurationList section */
	};
	rootObject = A3C1F441272240ED00C627B9 /* Project object */;
}
